<?xml version="1.0" encoding="UTF-8" standalone="yes" ?>
<CodeBlocks_project_file>
	<FileVersion major="1" minor="6" />
	<Project>
		<Option title="simulador8086pipeline" />
		<Option pch_mode="2" />
		<Option compiler="gcc" />
		<Build>
			<Target title="Debug">
				<Option output="bin/Debug/simulador8086pipeline" prefix_auto="1" extension_auto="1" />
				<Option object_output="obj/Debug/" />
				<Option type="0" />
				<Option compiler="gcc" />
				<Option projectLinkerOptionsRelation="2" />
				<Compiler>
					<Add option="-g" />
					<Add option="-D_DEBUG_" />
				</Compiler>
			</Target>
			<Target title="Release">
				<Option output="bin/Release/simulador8086pipeline" prefix_auto="1" extension_auto="1" />
				<Option object_output="obj/Release/" />
				<Option type="0" />
				<Option compiler="gcc" />
				<Option projectLinkerOptionsRelation="2" />
				<Compiler>
					<Add option="-O2" />
				</Compiler>
				<Linker>
					<Add option="-s" />
				</Linker>
			</Target>
		</Build>
		<Compiler>
			<Add option="`wx-config --cflags`" />
			<Add option="-Wall" />
		</Compiler>
		<Linker>
			<Add option="`wx-config --libs`" />
		</Linker>
		<Unit filename="Helpers.cpp" />
		<Unit filename="Helpers.h" />
		<Unit filename="JanelaPrincipal.cpp" />
		<Unit filename="JanelaPrincipal.h" />
		<Unit filename="JanelaSobre.cpp" />
		<Unit filename="JanelaSobre.h" />
		<Unit filename="MainApp.cpp" />
		<Unit filename="MainApp.h" />
		<Unit filename="Mem.cpp" />
		<Unit filename="Mem.h" />
		<Extensions>
			<envvars />
			<code_completion />
			<debugger />
			<lib_finder disable_auto="1" />
			<wxsmith version="1">
				<gui name="wxWidgets" src="MainApp.cpp" main="JanelaPrincipal" init_handlers="necessary" language="CPP" />
				<resources>
					<wxFrame wxs="wxsmith/JanelaPrincipal.wxs" src="JanelaPrincipal.cpp" hdr="JanelaPrincipal.h" name="JanelaPrincipal" language="CPP" />
					<wxDialog wxs="wxsmith/JanelaSobre.wxs" src="JanelaSobre.cpp" hdr="JanelaSobre.h" name="JanelaSobre" language="CPP" />
				</resources>
			</wxsmith>
		</Extensions>
	</Project>
</CodeBlocks_project_file>
